
Microsoft Visual Studio Solution File, Format Version 12.00
# Visual Studio Version 17
VisualStudioVersion = 17.7.34031.279
MinimumVisualStudioVersion = 10.0.40219.1
Project("{FAE04EC0-301F-11D3-BF4B-00C04F79EFBC}") = "HangFirePoc", "HangFirePoc\HangFirePoc.csproj", "{A6B22EBE-991D-41A2-8D29-13BD225DDDA7}"
EndProject
Project("{FAE04EC0-301F-11D3-BF4B-00C04F79EFBC}") = "PocRecurringJob", "PocRecurringJob\PocRecurringJob.csproj", "{BB209C08-92E9-4192-923D-7F4A7854413E}"
EndProject
Global
	GlobalSection(SolutionConfigurationPlatforms) = preSolution
		Debug|Any CPU = Debug|Any CPU
		Release|Any CPU = Release|Any CPU
	EndGlobalSection
	GlobalSection(ProjectConfigurationPlatforms) = postSolution
		{A6B22EBE-991D-41A2-8D29-13BD225DDDA7}.Debug|Any CPU.ActiveCfg = Debug|Any CPU
		{A6B22EBE-991D-41A2-8D29-13BD225DDDA7}.Debug|Any CPU.Build.0 = Debug|Any CPU
		{A6B22EBE-991D-41A2-8D29-13BD225DDDA7}.Release|Any CPU.ActiveCfg = Release|Any CPU
		{A6B22EBE-991D-41A2-8D29-13BD225DDDA7}.Release|Any CPU.Build.0 = Release|Any CPU
		{BB209C08-92E9-4192-923D-7F4A7854413E}.Debug|Any CPU.ActiveCfg = Debug|Any CPU
		{BB209C08-92E9-4192-923D-7F4A7854413E}.Debug|Any CPU.Build.0 = Debug|Any CPU
		{BB209C08-92E9-4192-923D-7F4A7854413E}.Release|Any CPU.ActiveCfg = Release|Any CPU
		{BB209C08-92E9-4192-923D-7F4A7854413E}.Release|Any CPU.Build.0 = Release|Any CPU
	EndGlobalSection
	GlobalSection(SolutionProperties) = preSolution
		HideSolutionNode = FALSE
	EndGlobalSection
	GlobalSection(ExtensibilityGlobals) = postSolution
		SolutionGuid = {3B307317-2C44-4BC6-90A7-72A6D9D1E123}
	EndGlobalSection
EndGlobal
